// !$*UTF8*$!
{
	archiveVersion = 1;
	classes = {
	};
	objectVersion = 56;
	objects = {

/* Begin PBXBuildFile section */
		217305222A7F358100D674AC /* ChansuApp.swift in Sources */ = {isa = PBXBuildFile; fileRef = 217305212A7F358100D674AC /* ChansuApp.swift */; };
		217305242A7F358100D674AC /* ContentView.swift in Sources */ = {isa = PBXBuildFile; fileRef = 217305232A7F358100D674AC /* ContentView.swift */; };
		217305262A7F358200D674AC /* Assets.xcassets in Resources */ = {isa = PBXBuildFile; fileRef = 217305252A7F358200D674AC /* Assets.xcassets */; };
		2173052A2A7F358200D674AC /* Preview Assets.xcassets in Resources */ = {isa = PBXBuildFile; fileRef = 217305292A7F358200D674AC /* Preview Assets.xcassets */; };
		217305342A7F358200D674AC /* ChansuTests.swift in Sources */ = {isa = PBXBuildFile; fileRef = 217305332A7F358200D674AC /* ChansuTests.swift */; };
		2173053E2A7F358200D674AC /* ChansuUITests.swift in Sources */ = {isa = PBXBuildFile; fileRef = 2173053D2A7F358200D674AC /* ChansuUITests.swift */; };
		217305402A7F358200D674AC /* ChansuUITestsLaunchTests.swift in Sources */ = {isa = PBXBuildFile; fileRef = 2173053F2A7F358200D674AC /* ChansuUITestsLaunchTests.swift */; };
/* End PBXBuildFile section */

/* Begin PBXContainerItemProxy section */
		217305302A7F358200D674AC /* PBXContainerItemProxy */ = {
			isa = PBXContainerItemProxy;
			containerPortal = 217305162A7F358000D674AC /* Project object */;
			proxyType = 1;
			remoteGlobalIDString = 2173051D2A7F358100D674AC;
			remoteInfo = Chansu;
		};
		2173053A2A7F358200D674AC /* PBXContainerItemProxy */ = {
			isa = PBXContainerItemProxy;
			containerPortal = 217305162A7F358000D674AC /* Project object */;
			proxyType = 1;
			remoteGlobalIDString = 2173051D2A7F358100D674AC;
			remoteInfo = Chansu;
		};
/* End PBXContainerItemProxy section */

/* Begin PBXFileReference section */
		2173051E2A7F358100D674AC /* Chansu.app */ = {isa = PBXFileReference; explicitFileType = wrapper.application; includeInIndex = 0; path = Chansu.app; sourceTree = BUILT_PRODUCTS_DIR; };
		217305212A7F358100D674AC /* ChansuApp.swift */ = {isa = PBXFileReference; lastKnownFileType = sourcecode.swift; path = ChansuApp.swift; sourceTree = "<group>"; };
		217305232A7F358100D674AC /* ContentView.swift */ = {isa = PBXFileReference; lastKnownFileType = sourcecode.swift; path = ContentView.swift; sourceTree = "<group>"; };
		217305252A7F358200D674AC /* Assets.xcassets */ = {isa = PBXFileReference; lastKnownFileType = folder.assetcatalog; path = Assets.xcassets; sourceTree = "<group>"; };
		217305272A7F358200D674AC /* Chansu.entitlements */ = {isa = PBXFileReference; lastKnownFileType = text.plist.entitlements; path = Chansu.entitlements; sourceTree = "<group>"; };
		217305292A7F358200D674AC /* Preview Assets.xcassets */ = {isa = PBXFileReference; lastKnownFileType = folder.assetcatalog; path = "Preview Assets.xcassets"; sourceTree = "<group>"; };
		2173052F2A7F358200D674AC /* ChansuTests.xctest */ = {isa = PBXFileReference; explicitFileType = wrapper.cfbundle; includeInIndex = 0; path = ChansuTests.xctest; sourceTree = BUILT_PRODUCTS_DIR; };
		217305332A7F358200D674AC /* ChansuTests.swift */ = {isa = PBXFileReference; lastKnownFileType = sourcecode.swift; path = ChansuTests.swift; sourceTree = "<group>"; };
		217305392A7F358200D674AC /* ChansuUITests.xctest */ = {isa = PBXFileReference; explicitFileType = wrapper.cfbundle; includeInIndex = 0; path = ChansuUITests.xctest; sourceTree = BUILT_PRODUCTS_DIR; };
		2173053D2A7F358200D674AC /* ChansuUITests.swift */ = {isa = PBXFileReference; lastKnownFileType = sourcecode.swift; path = ChansuUITests.swift; sourceTree = "<group>"; };
		2173053F2A7F358200D674AC /* ChansuUITestsLaunchTests.swift */ = {isa = PBXFileReference; lastKnownFileType = sourcecode.swift; path = ChansuUITestsLaunchTests.swift; sourceTree = "<group>"; };
/* End PBXFileReference section */

/* Begin PBXFrameworksBuildPhase section */
		2173051B2A7F358100D674AC /* Frameworks */ = {
			isa = PBXFrameworksBuildPhase;
			buildActionMask = 2147483647;
			files = (
			);
			runOnlyForDeploymentPostprocessing = 0;
		};
		2173052C2A7F358200D674AC /* Frameworks */ = {
			isa = PBXFrameworksBuildPhase;
			buildActionMask = 2147483647;
			files = (
			);
			runOnlyForDeploymentPostprocessing = 0;
		};
		217305362A7F358200D674AC /* Frameworks */ = {
			isa = PBXFrameworksBuildPhase;
			buildActionMask = 2147483647;
			files = (
			);
			runOnlyForDeploymentPostprocessing = 0;
		};
/* End PBXFrameworksBuildPhase section */

/* Begin PBXGroup section */
		217305152A7F358000D674AC = {
			isa = PBXGroup;
			children = (
				217305202A7F358100D674AC /* Chansu */,
				217305322A7F358200D674AC /* ChansuTests */,
				2173053C2A7F358200D674AC /* ChansuUITests */,
				2173051F2A7F358100D674AC /* Products */,
			);
			sourceTree = "<group>";
		};
		2173051F2A7F358100D674AC /* Products */ = {
			isa = PBXGroup;
			children = (
				2173051E2A7F358100D674AC /* Chansu.app */,
				2173052F2A7F358200D674AC /* ChansuTests.xctest */,
				217305392A7F358200D674AC /* ChansuUITests.xctest */,
			);
			name = Products;
			sourceTree = "<group>";
		};
		217305202A7F358100D674AC /* Chansu */ = {
			isa = PBXGroup;
			children = (
				217305212A7F358100D674AC /* ChansuApp.swift */,
				217305232A7F358100D674AC /* ContentView.swift */,
				217305252A7F358200D674AC /* Assets.xcassets */,
				217305272A7F358200D674AC /* Chansu.entitlements */,
				217305282A7F358200D674AC /* Preview Content */,
			);
			path = Chansu;
			sourceTree = "<group>";
		};
		217305282A7F358200D674AC /* Preview Content */ = {
			isa = PBXGroup;
			children = (
				217305292A7F358200D674AC /* Preview Assets.xcassets */,
			);
			path = "Preview Content";
			sourceTree = "<group>";
		};
		217305322A7F358200D674AC /* ChansuTests */ = {
			isa = PBXGroup;
			children = (
				217305332A7F358200D674AC /* ChansuTests.swift */,
			);
			path = ChansuTests;
			sourceTree = "<group>";
		};
		2173053C2A7F358200D674AC /* ChansuUITests */ = {
			isa = PBXGroup;
			children = (
				2173053D2A7F358200D674AC /* ChansuUITests.swift */,
				2173053F2A7F358200D674AC /* ChansuUITestsLaunchTests.swift */,
			);
			path = ChansuUITests;
			sourceTree = "<group>";
		};
/* End PBXGroup section */

/* Begin PBXNativeTarget section */
		2173051D2A7F358100D674AC /* Chansu */ = {
			isa = PBXNativeTarget;
			buildConfigurationList = 217305432A7F358200D674AC /* Build configuration list for PBXNativeTarget "Chansu" */;
			buildPhases = (
				2173051A2A7F358100D674AC /* Sources */,
				2173051B2A7F358100D674AC /* Frameworks */,
				2173051C2A7F358100D674AC /* Resources */,
			);
			buildRules = (
			);
			dependencies = (
			);
			name = Chansu;
			productName = Chansu;
			productReference = 2173051E2A7F358100D674AC /* Chansu.app */;
			productType = "com.apple.product-type.application";
		};
		2173052E2A7F358200D674AC /* ChansuTests */ = {
			isa = PBXNativeTarget;
			buildConfigurationList = 217305462A7F358200D674AC /* Build configuration list for PBXNativeTarget "ChansuTests" */;
			buildPhases = (
				2173052B2A7F358200D674AC /* Sources */,
				2173052C2A7F358200D674AC /* Frameworks */,
				2173052D2A7F358200D674AC /* Resources */,
			);
			buildRules = (
			);
			dependencies = (
				217305312A7F358200D674AC /* PBXTargetDependency */,
			);
			name = ChansuTests;
			productName = ChansuTests;
			productReference = 2173052F2A7F358200D674AC /* ChansuTests.xctest */;
			productType = "com.apple.product-type.bundle.unit-test";
		};
		217305382A7F358200D674AC /* ChansuUITests */ = {
			isa = PBXNativeTarget;
			buildConfigurationList = 217305492A7F358200D674AC /* Build configuration list for PBXNativeTarget "ChansuUITests" */;
			buildPhases = (
				217305352A7F358200D674AC /* Sources */,
				217305362A7F358200D674AC /* Frameworks */,
				217305372A7F358200D674AC /* Resources */,
			);
			buildRules = (
			);
			dependencies = (
				2173053B2A7F358200D674AC /* PBXTargetDependency */,
			);
			name = ChansuUITests;
			productName = ChansuUITests;
			productReference = 217305392A7F358200D674AC /* ChansuUITests.xctest */;
			productType = "com.apple.product-type.bundle.ui-testing";
		};
/* End PBXNativeTarget section */

/* Begin PBXProject section */
		217305162A7F358000D674AC /* Project object */ = {
			isa = PBXProject;
			attributes = {
				BuildIndependentTargetsInParallel = 1;
				LastSwiftUpdateCheck = 1430;
				LastUpgradeCheck = 1430;
				TargetAttributes = {
					2173051D2A7F358100D674AC = {
						CreatedOnToolsVersion = 14.3.1;
					};
					2173052E2A7F358200D674AC = {
						CreatedOnToolsVersion = 14.3.1;
						TestTargetID = 2173051D2A7F358100D674AC;
					};
					217305382A7F358200D674AC = {
						CreatedOnToolsVersion = 14.3.1;
						TestTargetID = 2173051D2A7F358100D674AC;
					};
				};
			};
			buildConfigurationList = 217305192A7F358000D674AC /* Build configuration list for PBXProject "Chansu" */;
			compatibilityVersion = "Xcode 14.0";
			developmentRegion = en;
			hasScannedForEncodings = 0;
			knownRegions = (
				en,
				Base,
			);
			mainGroup = 217305152A7F358000D674AC;
			productRefGroup = 2173051F2A7F358100D674AC /* Products */;
			projectDirPath = "";
			projectRoot = "";
			targets = (
				2173051D2A7F358100D674AC /* Chansu */,
				2173052E2A7F358200D674AC /* ChansuTests */,
				217305382A7F358200D674AC /* ChansuUITests */,
			);
		};
/* End PBXProject section */

/* Begin PBXResourcesBuildPhase section */
		2173051C2A7F358100D674AC /* Resources */ = {
			isa = PBXResourcesBuildPhase;
			buildActionMask = 2147483647;
			files = (
				2173052A2A7F358200D674AC /* Preview Assets.xcassets in Resources */,
				217305262A7F358200D674AC /* Assets.xcassets in Resources */,
			);
			runOnlyForDeploymentPostprocessing = 0;
		};
		2173052D2A7F358200D674AC /* Resources */ = {
			isa = PBXResourcesBuildPhase;
			buildActionMask = 2147483647;
			files = (
			);
			runOnlyForDeploymentPostprocessing = 0;
		};
		217305372A7F358200D674AC /* Resources */ = {
			isa = PBXResourcesBuildPhase;
			buildActionMask = 2147483647;
			files = (
			);
			runOnlyForDeploymentPostprocessing = 0;
		};
/* End PBXResourcesBuildPhase section */

/* Begin PBXSourcesBuildPhase section */
		2173051A2A7F358100D674AC /* Sources */ = {
			isa = PBXSourcesBuildPhase;
			buildActionMask = 2147483647;
			files = (
				217305242A7F358100D674AC /* ContentView.swift in Sources */,
				217305222A7F358100D674AC /* ChansuApp.swift in Sources */,
			);
			runOnlyForDeploymentPostprocessing = 0;
		};
		2173052B2A7F358200D674AC /* Sources */ = {
			isa = PBXSourcesBuildPhase;
			buildActionMask = 2147483647;
			files = (
				217305342A7F358200D674AC /* ChansuTests.swift in Sources */,
			);
			runOnlyForDeploymentPostprocessing = 0;
		};
		217305352A7F358200D674AC /* Sources */ = {
			isa = PBXSourcesBuildPhase;
			buildActionMask = 2147483647;
			files = (
				217305402A7F358200D674AC /* ChansuUITestsLaunchTests.swift in Sources */,
				2173053E2A7F358200D674AC /* ChansuUITests.swift in Sources */,
			);
			runOnlyForDeploymentPostprocessing = 0;
		};
/* End PBXSourcesBuildPhase section */

/* Begin PBXTargetDependency section */
		217305312A7F358200D674AC /* PBXTargetDependency */ = {
			isa = PBXTargetDependency;
			target = 2173051D2A7F358100D674AC /* Chansu */;
			targetProxy = 217305302A7F358200D674AC /* PBXContainerItemProxy */;
		};
		2173053B2A7F358200D674AC /* PBXTargetDependency */ = {
			isa = PBXTargetDependency;
			target = 2173051D2A7F358100D674AC /* Chansu */;
			targetProxy = 2173053A2A7F358200D674AC /* PBXContainerItemProxy */;
		};
/* End PBXTargetDependency section */

/* Begin XCBuildConfiguration section */
		217305412A7F358200D674AC /* Debug */ = {
			isa = XCBuildConfiguration;
			buildSettings = {
				ALWAYS_SEARCH_USER_PATHS = NO;
				CLANG_ANALYZER_NONNULL = YES;
				CLANG_ANALYZER_NUMBER_OBJECT_CONVERSION = YES_AGGRESSIVE;
				CLANG_CXX_LANGUAGE_STANDARD = "gnu++20";
				CLANG_ENABLE_MODULES = YES;
				CLANG_ENABLE_OBJC_ARC = YES;
				CLANG_ENABLE_OBJC_WEAK = YES;
				CLANG_WARN_BLOCK_CAPTURE_AUTORELEASING = YES;
				CLANG_WARN_BOOL_CONVERSION = YES;
				CLANG_WARN_COMMA = YES;
				CLANG_WARN_CONSTANT_CONVERSION = YES;
				CLANG_WARN_DEPRECATED_OBJC_IMPLEMENTATIONS = YES;
				CLANG_WARN_DIRECT_OBJC_ISA_USAGE = YES_ERROR;
				CLANG_WARN_DOCUMENTATION_COMMENTS = YES;
				CLANG_WARN_EMPTY_BODY = YES;
				CLANG_WARN_ENUM_CONVERSION = YES;
				CLANG_WARN_INFINITE_RECURSION = YES;
				CLANG_WARN_INT_CONVERSION = YES;
				CLANG_WARN_NON_LITERAL_NULL_CONVERSION = YES;
				CLANG_WARN_OBJC_IMPLICIT_RETAIN_SELF = YES;
				CLANG_WARN_OBJC_LITERAL_CONVERSION = YES;
				CLANG_WARN_OBJC_ROOT_CLASS = YES_ERROR;
				CLANG_WARN_QUOTED_INCLUDE_IN_FRAMEWORK_HEADER = YES;
				CLANG_WARN_RANGE_LOOP_ANALYSIS = YES;
				CLANG_WARN_STRICT_PROTOTYPES = YES;
				CLANG_WARN_SUSPICIOUS_MOVE = YES;
				CLANG_WARN_UNGUARDED_AVAILABILITY = YES_AGGRESSIVE;
				CLANG_WARN_UNREACHABLE_CODE = YES;
				CLANG_WARN__DUPLICATE_METHOD_MATCH = YES;
				COPY_PHASE_STRIP = NO;
				DEBUG_INFORMATION_FORMAT = dwarf;
				ENABLE_STRICT_OBJC_MSGSEND = YES;
				ENABLE_TESTABILITY = YES;
				GCC_C_LANGUAGE_STANDARD = gnu11;
				GCC_DYNAMIC_NO_PIC = NO;
				GCC_NO_COMMON_BLOCKS = YES;
				GCC_OPTIMIZATION_LEVEL = 0;
				GCC_PREPROCESSOR_DEFINITIONS = (
					"DEBUG=1",
					"$(inherited)",
				);
				GCC_WARN_64_TO_32_BIT_CONVERSION = YES;
				GCC_WARN_ABOUT_RETURN_TYPE = YES_ERROR;
				GCC_WARN_UNDECLARED_SELECTOR = YES;
				GCC_WARN_UNINITIALIZED_AUTOS = YES_AGGRESSIVE;
				GCC_WARN_UNUSED_FUNCTION = YES;
				GCC_WARN_UNUSED_VARIABLE = YES;
				MTL_ENABLE_DEBUG_INFO = INCLUDE_SOURCE;
				MTL_FAST_MATH = YES;
				ONLY_ACTIVE_ARCH = YES;
				SWIFT_ACTIVE_COMPILATION_CONDITIONS = DEBUG;
				SWIFT_OPTIMIZATION_LEVEL = "-Onone";
			};
			name = Debug;
		};
		217305422A7F358200D674AC /* Release */ = {
			isa = XCBuildConfiguration;
			buildSettings = {
				ALWAYS_SEARCH_USER_PATHS = NO;
				CLANG_ANALYZER_NONNULL = YES;
				CLANG_ANALYZER_NUMBER_OBJECT_CONVERSION = YES_AGGRESSIVE;
				CLANG_CXX_LANGUAGE_STANDARD = "gnu++20";
				CLANG_ENABLE_MODULES = YES;
				CLANG_ENABLE_OBJC_ARC = YES;
				CLANG_ENABLE_OBJC_WEAK = YES;
				CLANG_WARN_BLOCK_CAPTURE_AUTORELEASING = YES;
				CLANG_WARN_BOOL_CONVERSION = YES;
				CLANG_WARN_COMMA = YES;
				CLANG_WARN_CONSTANT_CONVERSION = YES;
				CLANG_WARN_DEPRECATED_OBJC_IMPLEMENTATIONS = YES;
				CLANG_WARN_DIRECT_OBJC_ISA_USAGE = YES_ERROR;
				CLANG_WARN_DOCUMENTATION_COMMENTS = YES;
				CLANG_WARN_EMPTY_BODY = YES;
				CLANG_WARN_ENUM_CONVERSION = YES;
				CLANG_WARN_INFINITE_RECURSION = YES;
				CLANG_WARN_INT_CONVERSION = YES;
				CLANG_WARN_NON_LITERAL_NULL_CONVERSION = YES;
				CLANG_WARN_OBJC_IMPLICIT_RETAIN_SELF = YES;
				CLANG_WARN_OBJC_LITERAL_CONVERSION = YES;
				CLANG_WARN_OBJC_ROOT_CLASS = YES_ERROR;
				CLANG_WARN_QUOTED_INCLUDE_IN_FRAMEWORK_HEADER = YES;
				CLANG_WARN_RANGE_LOOP_ANALYSIS = YES;
				CLANG_WARN_STRICT_PROTOTYPES = YES;
				CLANG_WARN_SUSPICIOUS_MOVE = YES;
				CLANG_WARN_UNGUARDED_AVAILABILITY = YES_AGGRESSIVE;
				CLANG_WARN_UNREACHABLE_CODE = YES;
				CLANG_WARN__DUPLICATE_METHOD_MATCH = YES;
				COPY_PHASE_STRIP = NO;
				DEBUG_INFORMATION_FORMAT = "dwarf-with-dsym";
				ENABLE_NS_ASSERTIONS = NO;
				ENABLE_STRICT_OBJC_MSGSEND = YES;
				GCC_C_LANGUAGE_STANDARD = gnu11;
				GCC_NO_COMMON_BLOCKS = YES;
				GCC_WARN_64_TO_32_BIT_CONVERSION = YES;
				GCC_WARN_ABOUT_RETURN_TYPE = YES_ERROR;
				GCC_WARN_UNDECLARED_SELECTOR = YES;
				GCC_WARN_UNINITIALIZED_AUTOS = YES_AGGRESSIVE;
				GCC_WARN_UNUSED_FUNCTION = YES;
				GCC_WARN_UNUSED_VARIABLE = YES;
				MTL_ENABLE_DEBUG_INFO = NO;
				MTL_FAST_MATH = YES;
				SWIFT_COMPILATION_MODE = wholemodule;
				SWIFT_OPTIMIZATION_LEVEL = "-O";
			};
			name = Release;
		};
		217305442A7F358200D674AC /* Debug */ = {
			isa = XCBuildConfiguration;
			buildSettings = {
				ASSETCATALOG_COMPILER_APPICON_NAME = AppIcon;
				ASSETCATALOG_COMPILER_GLOBAL_ACCENT_COLOR_NAME = AccentColor;
				CODE_SIGN_ENTITLEMENTS = Chansu/Chansu.entitlements;
				CODE_SIGN_STYLE = Automatic;
				CURRENT_PROJECT_VERSION = 1;
				DEVELOPMENT_ASSET_PATHS = "\"Chansu/Preview Content\"";
				ENABLE_PREVIEWS = YES;
				GENERATE_INFOPLIST_FILE = YES;
				"INFOPLIST_KEY_UIApplicationSceneManifest_Generation[sdk=iphoneos*]" = YES;
				"INFOPLIST_KEY_UIApplicationSceneManifest_Generation[sdk=iphonesimulator*]" = YES;
				"INFOPLIST_KEY_UIApplicationSupportsIndirectInputEvents[sdk=iphoneos*]" = YES;
				"INFOPLIST_KEY_UIApplicationSupportsIndirectInputEvents[sdk=iphonesimulator*]" = YES;
				"INFOPLIST_KEY_UILaunchScreen_Generation[sdk=iphoneos*]" = YES;
				"INFOPLIST_KEY_UILaunchScreen_Generation[sdk=iphonesimulator*]" = YES;
				"INFOPLIST_KEY_UIStatusBarStyle[sdk=iphoneos*]" = UIStatusBarStyleDefault;
				"INFOPLIST_KEY_UIStatusBarStyle[sdk=iphonesimulator*]" = UIStatusBarStyleDefault;
				INFOPLIST_KEY_UISupportedInterfaceOrientations_iPad = "UIInterfaceOrientationPortrait UIInterfaceOrientationPortraitUpsideDown UIInterfaceOrientationLandscapeLeft UIInterfaceOrientationLandscapeRight";
				INFOPLIST_KEY_UISupportedInterfaceOrientations_iPhone = "UIInterfaceOrientationPortrait UIInterfaceOrientationLandscapeLeft UIInterfaceOrientationLandscapeRight";
				IPHONEOS_DEPLOYMENT_TARGET = 16.4;
				LD_RUNPATH_SEARCH_PATHS = "@executable_path/Frameworks";
				"LD_RUNPATH_SEARCH_PATHS[sdk=macosx*]" = "@executable_path/../Frameworks";
				MACOSX_DEPLOYMENT_TARGET = 13.0;
				MARKETING_VERSION = 1.0;
				PRODUCT_BUNDLE_IDENTIFIER = com.Chansu;
				PRODUCT_NAME = "$(TARGET_NAME)";
				SDKROOT = auto;
				SUPPORTED_PLATFORMS = "iphoneos iphonesimulator macosx";
				SWIFT_EMIT_LOC_STRINGS = YES;
				SWIFT_VERSION = 5.0;
				TARGETED_DEVICE_FAMILY = "1,2";
			};
			name = Debug;
		};
		217305452A7F358200D674AC /* Release */ = {
			isa = XCBuildConfiguration;
			buildSettings = {
				ASSETCATALOG_COMPILER_APPICON_NAME = AppIcon;
				ASSETCATALOG_COMPILER_GLOBAL_ACCENT_COLOR_NAME = AccentColor;
				CODE_SIGN_ENTITLEMENTS = Chansu/Chansu.entitlements;
				CODE_SIGN_STYLE = Automatic;
				CURRENT_PROJECT_VERSION = 1;
				DEVELOPMENT_ASSET_PATHS = "\"Chansu/Preview Content\"";
				ENABLE_PREVIEWS = YES;
				GENERATE_INFOPLIST_FILE = YES;
				"INFOPLIST_KEY_UIApplicationSceneManifest_Generation[sdk=iphoneos*]" = YES;
				"INFOPLIST_KEY_UIApplicationSceneManifest_Generation[sdk=iphonesimulator*]" = YES;
				"INFOPLIST_KEY_UIApplicationSupportsIndirectInputEvents[sdk=iphoneos*]" = YES;
				"INFOPLIST_KEY_UIApplicationSupportsIndirectInputEvents[sdk=iphonesimulator*]" = YES;
				"INFOPLIST_KEY_UILaunchScreen_Generation[sdk=iphoneos*]" = YES;
				"INFOPLIST_KEY_UILaunchScreen_Generation[sdk=iphonesimulator*]" = YES;
				"INFOPLIST_KEY_UIStatusBarStyle[sdk=iphoneos*]" = UIStatusBarStyleDefault;
				"INFOPLIST_KEY_UIStatusBarStyle[sdk=iphonesimulator*]" = UIStatusBarStyleDefault;
				INFOPLIST_KEY_UISupportedInterfaceOrientations_iPad = "UIInterfaceOrientationPortrait UIInterfaceOrientationPortraitUpsideDown UIInterfaceOrientationLandscapeLeft UIInterfaceOrientationLandscapeRight";
				INFOPLIST_KEY_UISupportedInterfaceOrientations_iPhone = "UIInterfaceOrientationPortrait UIInterfaceOrientationLandscapeLeft UIInterfaceOrientationLandscapeRight";
				IPHONEOS_DEPLOYMENT_TARGET = 16.4;
				LD_RUNPATH_SEARCH_PATHS = "@executable_path/Frameworks";
				"LD_RUNPATH_SEARCH_PATHS[sdk=macosx*]" = "@executable_path/../Frameworks";
				MACOSX_DEPLOYMENT_TARGET = 13.0;
				MARKETING_VERSION = 1.0;
				PRODUCT_BUNDLE_IDENTIFIER = com.Chansu;
				PRODUCT_NAME = "$(TARGET_NAME)";
				SDKROOT = auto;
				SUPPORTED_PLATFORMS = "iphoneos iphonesimulator macosx";
				SWIFT_EMIT_LOC_STRINGS = YES;
				SWIFT_VERSION = 5.0;
				TARGETED_DEVICE_FAMILY = "1,2";
			};
			name = Release;
		};
		217305472A7F358200D674AC /* Debug */ = {
			isa = XCBuildConfiguration;
			buildSettings = {
				ALWAYS_EMBED_SWIFT_STANDARD_LIBRARIES = YES;
				BUNDLE_LOADER = "$(TEST_HOST)";
				CODE_SIGN_STYLE = Automatic;
				CURRENT_PROJECT_VERSION = 1;
				GENERATE_INFOPLIST_FILE = YES;
				IPHONEOS_DEPLOYMENT_TARGET = 16.4;
				MACOSX_DEPLOYMENT_TARGET = 13.0;
				MARKETING_VERSION = 1.0;
				PRODUCT_BUNDLE_IDENTIFIER = com.ChansuTests;
				PRODUCT_NAME = "$(TARGET_NAME)";
				SDKROOT = auto;
				SUPPORTED_PLATFORMS = "iphoneos iphonesimulator macosx";
				SWIFT_EMIT_LOC_STRINGS = NO;
				SWIFT_VERSION = 5.0;
				TARGETED_DEVICE_FAMILY = "1,2";
				TEST_HOST = "$(BUILT_PRODUCTS_DIR)/Chansu.app/$(BUNDLE_EXECUTABLE_FOLDER_PATH)/Chansu";
			};
			name = Debug;
		};
		217305482A7F358200D674AC /* Release */ = {
			isa = XCBuildConfiguration;
			buildSettings = {
				ALWAYS_EMBED_SWIFT_STANDARD_LIBRARIES = YES;
				BUNDLE_LOADER = "$(TEST_HOST)";
				CODE_SIGN_STYLE = Automatic;
				CURRENT_PROJECT_VERSION = 1;
				GENERATE_INFOPLIST_FILE = YES;
				IPHONEOS_DEPLOYMENT_TARGET = 16.4;
				MACOSX_DEPLOYMENT_TARGET = 13.0;
				MARKETING_VERSION = 1.0;
				PRODUCT_BUNDLE_IDENTIFIER = com.ChansuTests;
				PRODUCT_NAME = "$(TARGET_NAME)";
				SDKROOT = auto;
				SUPPORTED_PLATFORMS = "iphoneos iphonesimulator macosx";
				SWIFT_EMIT_LOC_STRINGS = NO;
				SWIFT_VERSION = 5.0;
				TARGETED_DEVICE_FAMILY = "1,2";
				TEST_HOST = "$(BUILT_PRODUCTS_DIR)/Chansu.app/$(BUNDLE_EXECUTABLE_FOLDER_PATH)/Chansu";
			};
			name = Release;
		};
		2173054A2A7F358200D674AC /* Debug */ = {
			isa = XCBuildConfiguration;
			buildSettings = {
				ALWAYS_EMBED_SWIFT_STANDARD_LIBRARIES = YES;
				CODE_SIGN_STYLE = Automatic;
				CURRENT_PROJECT_VERSION = 1;
				GENERATE_INFOPLIST_FILE = YES;
				IPHONEOS_DEPLOYMENT_TARGET = 16.4;
				MACOSX_DEPLOYMENT_TARGET = 13.0;
				MARKETING_VERSION = 1.0;
				PRODUCT_BUNDLE_IDENTIFIER = com.ChansuUITests;
				PRODUCT_NAME = "$(TARGET_NAME)";
				SDKROOT = auto;
				SUPPORTED_PLATFORMS = "iphoneos iphonesimulator macosx";
				SWIFT_EMIT_LOC_STRINGS = NO;
				SWIFT_VERSION = 5.0;
				TARGETED_DEVICE_FAMILY = "1,2";
				TEST_TARGET_NAME = Chansu;
			};
			name = Debug;
		};
		2173054B2A7F358200D674AC /* Release */ = {
			isa = XCBuildConfiguration;
			buildSettings = {
				ALWAYS_EMBED_SWIFT_STANDARD_LIBRARIES = YES;
				CODE_SIGN_STYLE = Automatic;
				CURRENT_PROJECT_VERSION = 1;
				GENERATE_INFOPLIST_FILE = YES;
				IPHONEOS_DEPLOYMENT_TARGET = 16.4;
				MACOSX_DEPLOYMENT_TARGET = 13.0;
				MARKETING_VERSION = 1.0;
				PRODUCT_BUNDLE_IDENTIFIER = com.ChansuUITests;
				PRODUCT_NAME = "$(TARGET_NAME)";
				SDKROOT = auto;
				SUPPORTED_PLATFORMS = "iphoneos iphonesimulator macosx";
				SWIFT_EMIT_LOC_STRINGS = NO;
				SWIFT_VERSION = 5.0;
				TARGETED_DEVICE_FAMILY = "1,2";
				TEST_TARGET_NAME = Chansu;
			};
			name = Release;
		};
/* End XCBuildConfiguration section */

/* Begin XCConfigurationList section */
		217305192A7F358000D674AC /* Build configuration list for PBXProject "Chansu" */ = {
			isa = XCConfigurationList;
			buildConfigurations = (
				217305412A7F358200D674AC /* Debug */,
				217305422A7F358200D674AC /* Release */,
			);
			defaultConfigurationIsVisible = 0;
			defaultConfigurationName = Release;
		};
		217305432A7F358200D674AC /* Build configuration list for PBXNativeTarget "Chansu" */ = {
			isa = XCConfigurationList;
			buildConfigurations = (
				217305442A7F358200D674AC /* Debug */,
				217305452A7F358200D674AC /* Release */,
			);
			defaultConfigurationIsVisible = 0;
			defaultConfigurationName = Release;
		};
		217305462A7F358200D674AC /* Build configuration list for PBXNativeTarget "ChansuTests" */ = {
			isa = XCConfigurationList;
			buildConfigurations = (
				217305472A7F358200D674AC /* Debug */,
				217305482A7F358200D674AC /* Release */,
			);
			defaultConfigurationIsVisible = 0;
			defaultConfigurationName = Release;
		};
		217305492A7F358200D674AC /* Build configuration list for PBXNativeTarget "ChansuUITests" */ = {
			isa = XCConfigurationList;
			buildConfigurations = (
				2173054A2A7F358200D674AC /* Debug */,
				2173054B2A7F358200D674AC /* Release */,
			);
			defaultConfigurationIsVisible = 0;
			defaultConfigurationName = Release;
		};
/* End XCConfigurationList section */
	};
	rootObject = 217305162A7F358000D674AC /* Project object */;
}
